<?xml version="1.0" encoding="utf-8"?>
<Project ToolsVersion="4.0" xmlns="http://schemas.microsoft.com/developer/msbuild/2003">
  <ItemGroup>
    <Filter Include="Source Files">
      <UniqueIdentifier>{4FC737F1-C7A5-4376-A066-2A32D752A2FF}</UniqueIdentifier>
      <Extensions>cpp;c;cc;cxx;def;odl;idl;hpj;bat;asm;asmx</Extensions>
    </Filter>
    <Filter Include="Header Files">
      <UniqueIdentifier>{93995380-89BD-4b04-88EB-625FBE52EBFB}</UniqueIdentifier>
      <Extensions>h;hh;hpp;hxx;hm;inl;inc;xsd</Extensions>
    </Filter>
    <Filter Include="Resource Files">
      <UniqueIdentifier>{67DA6AB6-F800-4c08-8B7A-83BB121AAD01}</UniqueIdentifier>
      <Extensions>rc;ico;cur;bmp;dlg;rc2;rct;bin;rgs;gif;jpg;jpeg;jpe;resx;tiff;tif;png;wav;mfcribbon-ms</Extensions>
    </Filter>
    <Filter Include="Generated Files">
      <UniqueIdentifier>{ff0668fb-73e3-40b8-97e4-f42fdd682edd}</UniqueIdentifier>
    </Filter>
  </ItemGroup>
  <ItemGroup>
    <ClCompile Include="src\MainWindow.cpp">
      <Filter>Source Files</Filter>
    </ClCompile>
    <ClCompile Include="src\Main.cpp" />
    <ClCompile Include="generated\moc_MainWindow.cpp">
      <Filter>Generated Files</Filter>
    </ClCompile>
    <ClCompile Include="src\Volume.cpp">
      <Filter>Source Files</Filter>
    </ClCompile>
    <ClCompile Include="src\MultiSet.cpp">
      <Filter>Source Files</Filter>
    </ClCompile>
    <ClCompile Include="src\BresenhamRayCaster.cpp">
      <Filter>Source Files</Filter>
    </ClCompile>
    <ClCompile Include="src\CPURenderer.cpp">
      <Filter>Source Files</Filter>
    </ClCompile>
    <ClCompile Include="src\RaycastRenderingWidget.cpp">
      <Filter>Source Files</Filter>
    </ClCompile>
    <ClCompile Include="src\ShaderProgram.cpp">
      <Filter>Source Files</Filter>
    </ClCompile>
    <ClCompile Include="src\Camera.cpp">
      <Filter>Source Files</Filter>
    </ClCompile>
    <ClCompile Include="src\Maths.cpp">
      <Filter>Source Files</Filter>
    </ClCompile>
    <ClCompile Include="src\DisplayManager.cpp">
      <Filter>Source Files</Filter>
    </ClCompile>
    <ClCompile Include="src\MasterRenderer.cpp">
      <Filter>Source Files</Filter>
    </ClCompile>
    <ClCompile Include="src\Loader.cpp">
      <Filter>Source Files</Filter>
    </ClCompile>
    <ClCompile Include="src\RawModel.cpp">
      <Filter>Source Files</Filter>
    </ClCompile>
    <ClCompile Include="src\VolumeRenderEntity.cpp">
      <Filter>Source Files</Filter>
    </ClCompile>
    <ClCompile Include="src\VolumeRenderer.cpp">
      <Filter>Source Files</Filter>
    </ClCompile>
    <ClCompile Include="src\VolumeShader.cpp">
      <Filter>Source Files</Filter>
    </ClCompile>
    <ClCompile Include="src\Vector.cpp">
      <Filter>Source Files</Filter>
    </ClCompile>
    <ClCompile Include="src\VectorField.cpp">
      <Filter>Source Files</Filter>
    </ClCompile>
    <ClCompile Include="src\RenderController.cpp">
      <Filter>Source Files</Filter>
    </ClCompile>
  </ItemGroup>
  <ItemGroup>
    <CustomBuild Include="src\MainWindow.h">
      <Filter>Header Files</Filter>
    </CustomBuild>
    <CustomBuild Include="res\MainWindow.ui">
      <Filter>Resource Files</Filter>
    </CustomBuild>
  </ItemGroup>
  <ItemGroup>
    <ClInclude Include="generated\ui_MainWindow.h">
      <Filter>Generated Files</Filter>
    </ClInclude>
    <ClInclude Include="src\Volume.h">
      <Filter>Header Files</Filter>
    </ClInclude>
    <ClInclude Include="src\MultiSet.h">
      <Filter>Header Files</Filter>
    </ClInclude>
    <ClInclude Include="src\BresenhamRayCaster.h">
      <Filter>Header Files</Filter>
    </ClInclude>
    <ClInclude Include="src\CPURenderer.h">
      <Filter>Header Files</Filter>
    </ClInclude>
    <ClInclude Include="src\RaycastRenderingWidget.h">
      <Filter>Header Files</Filter>
    </ClInclude>
    <ClInclude Include="src\ShaderProgram.h">
      <Filter>Header Files</Filter>
    </ClInclude>
    <ClInclude Include="src\Camera.h">
      <Filter>Header Files</Filter>
    </ClInclude>
    <ClInclude Include="src\Maths.h">
      <Filter>Header Files</Filter>
    </ClInclude>
    <ClInclude Include="src\DisplayManager.h">
      <Filter>Header Files</Filter>
    </ClInclude>
    <ClInclude Include="src\MasterRenderer.h">
      <Filter>Header Files</Filter>
    </ClInclude>
    <ClInclude Include="src\Loader.h">
      <Filter>Header Files</Filter>
    </ClInclude>
    <ClInclude Include="src\RawModel.h">
      <Filter>Header Files</Filter>
    </ClInclude>
    <ClInclude Include="src\VolumeRenderEntity.h">
      <Filter>Header Files</Filter>
    </ClInclude>
    <ClInclude Include="src\VolumeRenderer.h">
      <Filter>Header Files</Filter>
    </ClInclude>
    <ClInclude Include="src\VolumeShader.h">
      <Filter>Header Files</Filter>
    </ClInclude>
    <ClInclude Include="src\Vector.h">
      <Filter>Header Files</Filter>
    </ClInclude>
    <ClInclude Include="src\VectorField.h">
      <Filter>Header Files</Filter>
    </ClInclude>
    <ClInclude Include="src\RenderController.h">
      <Filter>Header Files</Filter>
    </ClInclude>
  </ItemGroup>
  <ItemGroup>
    <Text Include="res\fragmentShader.txt" />
    <Text Include="res\vertexShader.txt" />
  </ItemGroup>
</Project>